
Microsoft Visual Studio Solution File, Format Version 12.00
# Visual Studio Version 17
VisualStudioVersion = 17.8.34511.84
MinimumVisualStudioVersion = 10.0.40219.1
Project("{FAE04EC0-301F-11D3-BF4B-00C04F79EFBC}") = "EventBooking.API", "EventBooking.API\EventBooking.API.csproj", "{C03169C7-91B7-4794-A919-ADE16A34BB22}"
EndProject
Global
	GlobalSection(SolutionConfigurationPlatforms) = preSolution
		Debug|Any CPU = Debug|Any CPU
		Release|Any CPU = Release|Any CPU
	EndGlobalSection
	GlobalSection(ProjectConfigurationPlatforms) = postSolution
		{C03169C7-91B7-4794-A919-ADE16A34BB22}.Debug|Any CPU.ActiveCfg = Debug|Any CPU
		{C03169C7-91B7-4794-A919-ADE16A34BB22}.Debug|Any CPU.Build.0 = Debug|Any CPU
		{C03169C7-91B7-4794-A919-ADE16A34BB22}.Release|Any CPU.ActiveCfg = Release|Any CPU
		{C03169C7-91B7-4794-A919-ADE16A34BB22}.Release|Any CPU.Build.0 = Release|Any CPU
	EndGlobalSection
	GlobalSection(SolutionProperties) = preSolution
		HideSolutionNode = FALSE
	EndGlobalSection
	GlobalSection(ExtensibilityGlobals) = postSolution
		SolutionGuid = {5E8E64D0-A41C-4587-AFA3-F917C6756AB3}
	EndGlobalSection
EndGlobal
